
Microsoft Visual Studio Solution File, Format Version 12.00
# Visual Studio Version 16
VisualStudioVersion = 16.0.30114.105
MinimumVisualStudioVersion = 10.0.40219.1
Project("{2150E333-8FDC-42A3-9474-1A3956D46DE8}") = "Solution Items", "Solution Items", "{D4B4D701-89E6-45E7-92D8-E58A1036283B}"
	ProjectSection(SolutionItems) = preProject
		.gitignore = .gitignore
		Rebracer.xml = Rebracer.xml
	EndProjectSection
EndProject
Project("{C7167F0D-BC9F-4E6E-AFE1-012C56B48DB5}") = "AppPackage", "AppPackage\AppPackage.wapproj", "{BF8A6728-9CE8-4D8B-A274-9A85D2384713}"
EndProject
Project("{8BC9CEB8-8B4A-11D0-8D11-00A0C91BC942}") = "TopMostTool", "TopMostTool\TopMostTool.vcxproj", "{08A43C7C-0C76-4BDC-9EA7-EC6EC6EF533C}"
EndProject
Global
	GlobalSection(SolutionConfigurationPlatforms) = preSolution
		Debug|x64 = Debug|x64
		Debug|x86 = Debug|x86
		Release|x64 = Release|x64
		Release|x86 = Release|x86
	EndGlobalSection
	GlobalSection(ProjectConfigurationPlatforms) = postSolution
		{BF8A6728-9CE8-4D8B-A274-9A85D2384713}.Debug|x64.ActiveCfg = Debug|x64
		{BF8A6728-9CE8-4D8B-A274-9A85D2384713}.Debug|x64.Build.0 = Debug|x64
		{BF8A6728-9CE8-4D8B-A274-9A85D2384713}.Debug|x64.Deploy.0 = Debug|x64
		{BF8A6728-9CE8-4D8B-A274-9A85D2384713}.Debug|x86.ActiveCfg = Debug|x86
		{BF8A6728-9CE8-4D8B-A274-9A85D2384713}.Debug|x86.Build.0 = Debug|x86
		{BF8A6728-9CE8-4D8B-A274-9A85D2384713}.Debug|x86.Deploy.0 = Debug|x86
		{BF8A6728-9CE8-4D8B-A274-9A85D2384713}.Release|x64.ActiveCfg = Release|x64
		{BF8A6728-9CE8-4D8B-A274-9A85D2384713}.Release|x64.Build.0 = Release|x64
		{BF8A6728-9CE8-4D8B-A274-9A85D2384713}.Release|x64.Deploy.0 = Release|x64
		{BF8A6728-9CE8-4D8B-A274-9A85D2384713}.Release|x86.ActiveCfg = Release|x86
		{BF8A6728-9CE8-4D8B-A274-9A85D2384713}.Release|x86.Build.0 = Release|x86
		{BF8A6728-9CE8-4D8B-A274-9A85D2384713}.Release|x86.Deploy.0 = Release|x86
		{08A43C7C-0C76-4BDC-9EA7-EC6EC6EF533C}.Debug|x64.ActiveCfg = Debug|x64
		{08A43C7C-0C76-4BDC-9EA7-EC6EC6EF533C}.Debug|x64.Build.0 = Debug|x64
		{08A43C7C-0C76-4BDC-9EA7-EC6EC6EF533C}.Debug|x86.ActiveCfg = Debug|Win32
		{08A43C7C-0C76-4BDC-9EA7-EC6EC6EF533C}.Debug|x86.Build.0 = Debug|Win32
		{08A43C7C-0C76-4BDC-9EA7-EC6EC6EF533C}.Release|x64.ActiveCfg = Release|x64
		{08A43C7C-0C76-4BDC-9EA7-EC6EC6EF533C}.Release|x64.Build.0 = Release|x64
		{08A43C7C-0C76-4BDC-9EA7-EC6EC6EF533C}.Release|x86.ActiveCfg = Release|Win32
		{08A43C7C-0C76-4BDC-9EA7-EC6EC6EF533C}.Release|x86.Build.0 = Release|Win32
	EndGlobalSection
	GlobalSection(SolutionProperties) = preSolution
		HideSolutionNode = FALSE
	EndGlobalSection
	GlobalSection(ExtensibilityGlobals) = postSolution
		SolutionGuid = {82FC9B7A-7852-4153-BC7B-576B7F7DA6D8}
	EndGlobalSection
EndGlobal
